{
  "projects": [
    {
      "projectId": "mBKHaRhjQbiZuznDyARcTS",
      "version": "latest",
      "dependencies": {},
      "lang": "ts",
      "fileLocks": [
        {
          "type": "globalVariant",
          "assetId": "yypsF8-J0P",
          "checksum": "ad9e1668282c9a85662df97e4e6c4144"
        },
        {
          "type": "renderModule",
          "assetId": "8PUOayqXwP",
          "checksum": "3c4d0f73a46795dbaf90fb7346d59423"
        },
        {
          "type": "cssRules",
          "assetId": "8PUOayqXwP",
          "checksum": "3c4d0f73a46795dbaf90fb7346d59423"
        },
        {
          "type": "renderModule",
          "assetId": "aBQwDwBIQz",
          "checksum": "4bae1ea0f5cab4d8d28630dee6deb596"
        },
        {
          "type": "cssRules",
          "assetId": "aBQwDwBIQz",
          "checksum": "4bae1ea0f5cab4d8d28630dee6deb596"
        },
        {
          "type": "renderModule",
          "assetId": "SuzMD14H1M",
          "checksum": "2497440412ec48ce64d0990067603dc7"
        },
        {
          "type": "cssRules",
          "assetId": "SuzMD14H1M",
          "checksum": "2497440412ec48ce64d0990067603dc7"
        },
        {
          "type": "renderModule",
          "assetId": "tOmxC_Hwcz",
          "checksum": "44914fdd42c924641f2f818a5f661c49"
        },
        {
          "type": "cssRules",
          "assetId": "tOmxC_Hwcz",
          "checksum": "44914fdd42c924641f2f818a5f661c49"
        },
        {
          "type": "renderModule",
          "assetId": "FN-EzPooHT",
          "checksum": "7c8b5b6700d535aee6fdfe55e9853ca3"
        },
        {
          "type": "cssRules",
          "assetId": "FN-EzPooHT",
          "checksum": "7c8b5b6700d535aee6fdfe55e9853ca3"
        },
        {
          "type": "renderModule",
          "assetId": "CM9oqbJYK7",
          "checksum": "64a78b536892cd05b5f7853c2c6008ab"
        },
        {
          "type": "cssRules",
          "assetId": "CM9oqbJYK7",
          "checksum": "64a78b536892cd05b5f7853c2c6008ab"
        },
        {
          "type": "renderModule",
          "assetId": "w3pwx0FCD6",
          "checksum": "26f5e42ea05e0044aa999f3d0742ffda"
        },
        {
          "type": "cssRules",
          "assetId": "w3pwx0FCD6",
          "checksum": "26f5e42ea05e0044aa999f3d0742ffda"
        },
        {
          "type": "renderModule",
          "assetId": "t8VWzd7npn",
          "checksum": "8433d8a7dd9ae57b2b01511734a9a25d"
        },
        {
          "type": "cssRules",
          "assetId": "t8VWzd7npn",
          "checksum": "8433d8a7dd9ae57b2b01511734a9a25d"
        },
        {
          "type": "renderModule",
          "assetId": "nOkcrTTsdU",
          "checksum": "18839ef6c241dd036861bd4a2b5d824c"
        },
        {
          "type": "cssRules",
          "assetId": "nOkcrTTsdU",
          "checksum": "18839ef6c241dd036861bd4a2b5d824c"
        },
        {
          "type": "renderModule",
          "assetId": "wwJKNAAFSQ",
          "checksum": "7bf090d1cbc61de839bb6a96bb25273a"
        },
        {
          "type": "cssRules",
          "assetId": "wwJKNAAFSQ",
          "checksum": "7bf090d1cbc61de839bb6a96bb25273a"
        },
        {
          "type": "renderModule",
          "assetId": "FGt7QMp0cE",
          "checksum": "d12e7d992108a52d29174c1afd410518"
        },
        {
          "type": "cssRules",
          "assetId": "FGt7QMp0cE",
          "checksum": "d12e7d992108a52d29174c1afd410518"
        },
        {
          "type": "renderModule",
          "assetId": "Rp4JlG0GLd",
          "checksum": "d5ba0368d72beeca67df3fc2ce5091b2"
        },
        {
          "type": "cssRules",
          "assetId": "Rp4JlG0GLd",
          "checksum": "d5ba0368d72beeca67df3fc2ce5091b2"
        },
        {
          "type": "renderModule",
          "assetId": "wYIaMxnRFr",
          "checksum": "a4fa4668fb32a5f0ae431d037030bbc1"
        },
        {
          "type": "cssRules",
          "assetId": "wYIaMxnRFr",
          "checksum": "a4fa4668fb32a5f0ae431d037030bbc1"
        },
        {
          "type": "renderModule",
          "assetId": "RlnXukMjMc",
          "checksum": "b7e348f72e31e6ad64bbbfba692e1c49"
        },
        {
          "type": "cssRules",
          "assetId": "RlnXukMjMc",
          "checksum": "b7e348f72e31e6ad64bbbfba692e1c49"
        },
        {
          "type": "renderModule",
          "assetId": "3kq-KR_q6P",
          "checksum": "f8f401f80757466db5e27ed2b95ccddc"
        },
        {
          "type": "cssRules",
          "assetId": "3kq-KR_q6P",
          "checksum": "f8f401f80757466db5e27ed2b95ccddc"
        },
        {
          "type": "renderModule",
          "assetId": "j-zkNvYO40",
          "checksum": "1fda398a26d1e228363721a59504f7b1"
        },
        {
          "type": "cssRules",
          "assetId": "j-zkNvYO40",
          "checksum": "1fda398a26d1e228363721a59504f7b1"
        },
        {
          "type": "renderModule",
          "assetId": "F0onFvhtbG",
          "checksum": "c097786e02d07159622c10db42cca3b7"
        },
        {
          "type": "cssRules",
          "assetId": "F0onFvhtbG",
          "checksum": "c097786e02d07159622c10db42cca3b7"
        },
        {
          "type": "renderModule",
          "assetId": "_FkSA8LL9h",
          "checksum": "73aa62bbfe7e470bd695f951c0d4c34a"
        },
        {
          "type": "cssRules",
          "assetId": "_FkSA8LL9h",
          "checksum": "73aa62bbfe7e470bd695f951c0d4c34a"
        },
        {
          "type": "renderModule",
          "assetId": "wYLwsz9PHx",
          "checksum": "0b13a941d09c3e03b815d1fe343e6221"
        },
        {
          "type": "cssRules",
          "assetId": "wYLwsz9PHx",
          "checksum": "0b13a941d09c3e03b815d1fe343e6221"
        },
        {
          "type": "renderModule",
          "assetId": "_XArBkddKd",
          "checksum": "7f53f440b0ef5f365040126bbb73a06a"
        },
        {
          "type": "cssRules",
          "assetId": "_XArBkddKd",
          "checksum": "7f53f440b0ef5f365040126bbb73a06a"
        },
        {
          "type": "renderModule",
          "assetId": "SCY6plzZHs",
          "checksum": "45069cfdda9f2a46c6c994ea2cccc86e"
        },
        {
          "type": "cssRules",
          "assetId": "SCY6plzZHs",
          "checksum": "45069cfdda9f2a46c6c994ea2cccc86e"
        },
        {
          "type": "renderModule",
          "assetId": "kz5Y7kNyM-O",
          "checksum": "4efa52543b4f1673e333109af62f3cd1"
        },
        {
          "type": "cssRules",
          "assetId": "kz5Y7kNyM-O",
          "checksum": "4efa52543b4f1673e333109af62f3cd1"
        },
        {
          "type": "renderModule",
          "assetId": "tmCSccuYm0e",
          "checksum": "6e1d855302d409a12d99f24178e947b7"
        },
        {
          "type": "cssRules",
          "assetId": "tmCSccuYm0e",
          "checksum": "6e1d855302d409a12d99f24178e947b7"
        },
        {
          "type": "renderModule",
          "assetId": "iXKI5ee1ZXt",
          "checksum": "fb022b4ced74252ca898729663499681"
        },
        {
          "type": "cssRules",
          "assetId": "iXKI5ee1ZXt",
          "checksum": "fb022b4ced74252ca898729663499681"
        },
        {
          "type": "renderModule",
          "assetId": "caqBNdXoI2x",
          "checksum": "3e022dd0ca8433021e28cf17d7b0e8e1"
        },
        {
          "type": "cssRules",
          "assetId": "caqBNdXoI2x",
          "checksum": "3e022dd0ca8433021e28cf17d7b0e8e1"
        },
        {
          "type": "renderModule",
          "assetId": "BqNx1sQzzM",
          "checksum": "065f1c15d49bc179aad2e4928874f036"
        },
        {
          "type": "cssRules",
          "assetId": "BqNx1sQzzM",
          "checksum": "065f1c15d49bc179aad2e4928874f036"
        },
        {
          "type": "renderModule",
          "assetId": "q75y63Cv6a",
          "checksum": "1d0529b389994464f09062e83524c90d"
        },
        {
          "type": "cssRules",
          "assetId": "q75y63Cv6a",
          "checksum": "1d0529b389994464f09062e83524c90d"
        },
        {
          "type": "renderModule",
          "assetId": "j0fmjgi6Tf",
          "checksum": "0a0e2438ba70e1e9b3a0877338a64403"
        },
        {
          "type": "cssRules",
          "assetId": "j0fmjgi6Tf",
          "checksum": "0a0e2438ba70e1e9b3a0877338a64403"
        },
        {
          "type": "renderModule",
          "assetId": "WrlNulxyIS",
          "checksum": "bb80fb9e82fa3d9e36363b7dec1d69d4"
        },
        {
          "type": "cssRules",
          "assetId": "WrlNulxyIS",
          "checksum": "bb80fb9e82fa3d9e36363b7dec1d69d4"
        },
        {
          "type": "renderModule",
          "assetId": "Lqdr_-SkhP",
          "checksum": "bf068fc493c1e36a76b55c8dcd80f80f"
        },
        {
          "type": "cssRules",
          "assetId": "Lqdr_-SkhP",
          "checksum": "bf068fc493c1e36a76b55c8dcd80f80f"
        },
        {
          "type": "renderModule",
          "assetId": "Q2wcv59jeA",
          "checksum": "311494a0af7af105096709469bb043bf"
        },
        {
          "type": "cssRules",
          "assetId": "Q2wcv59jeA",
          "checksum": "311494a0af7af105096709469bb043bf"
        },
        {
          "type": "icon",
          "assetId": "gT-pajkU-Q",
          "checksum": "c5c8778b0f0f959919aa2ea3bcc36f80"
        },
        {
          "type": "icon",
          "assetId": "jz74Atfq1lJ",
          "checksum": "b27c3cbabc6ee40d65b4e68f79afb1b7"
        },
        {
          "type": "icon",
          "assetId": "NyspFVcODgE",
          "checksum": "54b1f307fd2c4c6cfb15db19baa1a111"
        },
        {
          "type": "icon",
          "assetId": "CGOcXn7ZR6i",
          "checksum": "953eaf59f5704cf26031da5d01295b2d"
        },
        {
          "type": "icon",
          "assetId": "byX601sYx7I",
          "checksum": "167318261195b0bb3d1202e55ede8d14"
        },
        {
          "assetId": "mBKHaRhjQbiZuznDyARcTS",
          "type": "projectCss",
          "checksum": "dd0fb333844b42ba1aa8aab3c881a604"
        }
      ],
      "codegenVersion": "0.0.1"
    }
  ],
  "cliVersion": "0.1.160"
}
