{
  "projects": [
    {
      "projectId": "mBKHaRhjQbiZuznDyARcTS",
      "version": "latest",
      "dependencies": {},
      "lang": "ts",
      "fileLocks": [
        {
          "type": "globalVariant",
          "assetId": "yypsF8-J0P",
          "checksum": "154eb8034ed8319753e815a4ed1e3f28"
        },
        {
          "type": "renderModule",
          "assetId": "8PUOayqXwP",
          "checksum": "1942fbb723ca9d2c3ad58e3219e797b9"
        },
        {
          "type": "cssRules",
          "assetId": "8PUOayqXwP",
          "checksum": "1942fbb723ca9d2c3ad58e3219e797b9"
        },
        {
          "type": "renderModule",
          "assetId": "aBQwDwBIQz",
          "checksum": "f296bb4615722aeb2f8bfa053ff6e76b"
        },
        {
          "type": "cssRules",
          "assetId": "aBQwDwBIQz",
          "checksum": "f296bb4615722aeb2f8bfa053ff6e76b"
        },
        {
          "type": "renderModule",
          "assetId": "SuzMD14H1M",
          "checksum": "cbba9476b48ec03d2ffec5ad89e59d23"
        },
        {
          "type": "cssRules",
          "assetId": "SuzMD14H1M",
          "checksum": "cbba9476b48ec03d2ffec5ad89e59d23"
        },
        {
          "type": "renderModule",
          "assetId": "tOmxC_Hwcz",
          "checksum": "3ed36aab41ab6828d8027f672e21e51c"
        },
        {
          "type": "cssRules",
          "assetId": "tOmxC_Hwcz",
          "checksum": "3ed36aab41ab6828d8027f672e21e51c"
        },
        {
          "type": "renderModule",
          "assetId": "FN-EzPooHT",
          "checksum": "768c9bf39b14ac143043e4247a494f6c"
        },
        {
          "type": "cssRules",
          "assetId": "FN-EzPooHT",
          "checksum": "768c9bf39b14ac143043e4247a494f6c"
        },
        {
          "type": "renderModule",
          "assetId": "CM9oqbJYK7",
          "checksum": "0c6f341acd0e6b22902588cf88b9ca72"
        },
        {
          "type": "cssRules",
          "assetId": "CM9oqbJYK7",
          "checksum": "0c6f341acd0e6b22902588cf88b9ca72"
        },
        {
          "type": "renderModule",
          "assetId": "w3pwx0FCD6",
          "checksum": "5be26f9de068215821803941487fdbae"
        },
        {
          "type": "cssRules",
          "assetId": "w3pwx0FCD6",
          "checksum": "5be26f9de068215821803941487fdbae"
        },
        {
          "type": "renderModule",
          "assetId": "t8VWzd7npn",
          "checksum": "a4594bee795ef393e1c6fb6425c42643"
        },
        {
          "type": "cssRules",
          "assetId": "t8VWzd7npn",
          "checksum": "a4594bee795ef393e1c6fb6425c42643"
        },
        {
          "type": "renderModule",
          "assetId": "nOkcrTTsdU",
          "checksum": "f20523d155a489b80a14b296314568b4"
        },
        {
          "type": "cssRules",
          "assetId": "nOkcrTTsdU",
          "checksum": "f20523d155a489b80a14b296314568b4"
        },
        {
          "type": "renderModule",
          "assetId": "wwJKNAAFSQ",
          "checksum": "9dd4dc1c492d2cf7df16a61cb67a7e95"
        },
        {
          "type": "cssRules",
          "assetId": "wwJKNAAFSQ",
          "checksum": "9dd4dc1c492d2cf7df16a61cb67a7e95"
        },
        {
          "type": "renderModule",
          "assetId": "FGt7QMp0cE",
          "checksum": "35d9cd605c1f7ca040b870ff1c1ec9f9"
        },
        {
          "type": "cssRules",
          "assetId": "FGt7QMp0cE",
          "checksum": "35d9cd605c1f7ca040b870ff1c1ec9f9"
        },
        {
          "type": "renderModule",
          "assetId": "yqjHbDN1Sk",
          "checksum": "9b19767d843fef3626367cb8ba4b9a67"
        },
        {
          "type": "cssRules",
          "assetId": "yqjHbDN1Sk",
          "checksum": "9b19767d843fef3626367cb8ba4b9a67"
        },
        {
          "type": "renderModule",
          "assetId": "Rp4JlG0GLd",
          "checksum": "bdedb13f817f7005eccbfd5d3f0214cd"
        },
        {
          "type": "cssRules",
          "assetId": "Rp4JlG0GLd",
          "checksum": "bdedb13f817f7005eccbfd5d3f0214cd"
        },
        {
          "type": "renderModule",
          "assetId": "wYIaMxnRFr",
          "checksum": "604c54266588c2970a55f1fab1c00f43"
        },
        {
          "type": "cssRules",
          "assetId": "wYIaMxnRFr",
          "checksum": "604c54266588c2970a55f1fab1c00f43"
        },
        {
          "type": "renderModule",
          "assetId": "RlnXukMjMc",
          "checksum": "8f812f45a5e3715f7aa9e747b9730c0f"
        },
        {
          "type": "cssRules",
          "assetId": "RlnXukMjMc",
          "checksum": "8f812f45a5e3715f7aa9e747b9730c0f"
        },
        {
          "type": "renderModule",
          "assetId": "3kq-KR_q6P",
          "checksum": "c7a648c2a2274f02ab6b4813047658cd"
        },
        {
          "type": "cssRules",
          "assetId": "3kq-KR_q6P",
          "checksum": "c7a648c2a2274f02ab6b4813047658cd"
        },
        {
          "type": "renderModule",
          "assetId": "j-zkNvYO40",
          "checksum": "d3ec711db1abe21ca565c56053b9911f"
        },
        {
          "type": "cssRules",
          "assetId": "j-zkNvYO40",
          "checksum": "d3ec711db1abe21ca565c56053b9911f"
        },
        {
          "type": "renderModule",
          "assetId": "F0onFvhtbG",
          "checksum": "7404aeec2c21f6140087df6f0e6c9571"
        },
        {
          "type": "cssRules",
          "assetId": "F0onFvhtbG",
          "checksum": "7404aeec2c21f6140087df6f0e6c9571"
        },
        {
          "type": "renderModule",
          "assetId": "_FkSA8LL9h",
          "checksum": "d36352a16d74114edb87bb7b0a32dbdf"
        },
        {
          "type": "cssRules",
          "assetId": "_FkSA8LL9h",
          "checksum": "d36352a16d74114edb87bb7b0a32dbdf"
        },
        {
          "type": "renderModule",
          "assetId": "_1U2AdUg-0-",
          "checksum": "fcb93c5ffb73cc35e51ed1240caca8b4"
        },
        {
          "type": "cssRules",
          "assetId": "_1U2AdUg-0-",
          "checksum": "fcb93c5ffb73cc35e51ed1240caca8b4"
        },
        {
          "type": "renderModule",
          "assetId": "2DL6ttFyB57",
          "checksum": "6d76c7df1dfb665c8fe324b6edc3cc89"
        },
        {
          "type": "cssRules",
          "assetId": "2DL6ttFyB57",
          "checksum": "6d76c7df1dfb665c8fe324b6edc3cc89"
        },
        {
          "type": "renderModule",
          "assetId": "Tas4NNaAUbW",
          "checksum": "f6a33377626319b3571f4c219cb2498f"
        },
        {
          "type": "cssRules",
          "assetId": "Tas4NNaAUbW",
          "checksum": "f6a33377626319b3571f4c219cb2498f"
        },
        {
          "type": "renderModule",
          "assetId": "FEZCWlqWEjO",
          "checksum": "7e7f9a4b9c3a0d75e7b6ca328801c7cf"
        },
        {
          "type": "cssRules",
          "assetId": "FEZCWlqWEjO",
          "checksum": "7e7f9a4b9c3a0d75e7b6ca328801c7cf"
        },
        {
          "assetId": "mBKHaRhjQbiZuznDyARcTS",
          "type": "projectCss",
          "checksum": "8ab466a8d926f27dc3b52b3f466968c2"
        },
        {
          "type": "icon",
          "assetId": "gT-pajkU-Q",
          "checksum": "c5c8778b0f0f959919aa2ea3bcc36f80"
        },
        {
          "type": "icon",
          "assetId": "jz74Atfq1lJ",
          "checksum": "b27c3cbabc6ee40d65b4e68f79afb1b7"
        },
        {
          "type": "icon",
          "assetId": "NyspFVcODgE",
          "checksum": "54b1f307fd2c4c6cfb15db19baa1a111"
        },
        {
          "type": "icon",
          "assetId": "CGOcXn7ZR6i",
          "checksum": "953eaf59f5704cf26031da5d01295b2d"
        },
        {
          "type": "icon",
          "assetId": "byX601sYx7I",
          "checksum": "167318261195b0bb3d1202e55ede8d14"
        }
      ]
    }
  ],
  "cliVersion": "0.1.160"
}
