{
  "projects": [
    {
      "projectId": "mBKHaRhjQbiZuznDyARcTS",
      "version": "latest",
      "dependencies": {},
      "lang": "ts",
      "fileLocks": [
        {
          "type": "globalVariant",
          "assetId": "yypsF8-J0P",
          "checksum": "14902f1e48bd86cc0b8134b9cdfad783"
        },
        {
          "type": "renderModule",
          "assetId": "8PUOayqXwP",
          "checksum": "a6e3bbd8eba7369022d223626f5fc3eb"
        },
        {
          "type": "cssRules",
          "assetId": "8PUOayqXwP",
          "checksum": "a6e3bbd8eba7369022d223626f5fc3eb"
        },
        {
          "type": "renderModule",
          "assetId": "aBQwDwBIQz",
          "checksum": "580e7d41e710a42286577474442f0306"
        },
        {
          "type": "cssRules",
          "assetId": "aBQwDwBIQz",
          "checksum": "580e7d41e710a42286577474442f0306"
        },
        {
          "type": "renderModule",
          "assetId": "SuzMD14H1M",
          "checksum": "8002de08031b1b22920dd2624470acd4"
        },
        {
          "type": "cssRules",
          "assetId": "SuzMD14H1M",
          "checksum": "8002de08031b1b22920dd2624470acd4"
        },
        {
          "type": "renderModule",
          "assetId": "tOmxC_Hwcz",
          "checksum": "e38cddb12adcd83c5bbbebf78fe6864e"
        },
        {
          "type": "cssRules",
          "assetId": "tOmxC_Hwcz",
          "checksum": "e38cddb12adcd83c5bbbebf78fe6864e"
        },
        {
          "type": "renderModule",
          "assetId": "FN-EzPooHT",
          "checksum": "37614564d0bf672ea3f210beb76a0641"
        },
        {
          "type": "cssRules",
          "assetId": "FN-EzPooHT",
          "checksum": "37614564d0bf672ea3f210beb76a0641"
        },
        {
          "type": "renderModule",
          "assetId": "CM9oqbJYK7",
          "checksum": "afd2f44853f5f84eba605941cd381de4"
        },
        {
          "type": "cssRules",
          "assetId": "CM9oqbJYK7",
          "checksum": "afd2f44853f5f84eba605941cd381de4"
        },
        {
          "type": "renderModule",
          "assetId": "w3pwx0FCD6",
          "checksum": "abebff3b4f0f1d755539b2a5ff81c7e6"
        },
        {
          "type": "cssRules",
          "assetId": "w3pwx0FCD6",
          "checksum": "abebff3b4f0f1d755539b2a5ff81c7e6"
        },
        {
          "type": "renderModule",
          "assetId": "t8VWzd7npn",
          "checksum": "7a066e9714598a05ceebf74d421da833"
        },
        {
          "type": "cssRules",
          "assetId": "t8VWzd7npn",
          "checksum": "7a066e9714598a05ceebf74d421da833"
        },
        {
          "type": "renderModule",
          "assetId": "nOkcrTTsdU",
          "checksum": "6bacca1f5cfb6f5050e08169a650697d"
        },
        {
          "type": "cssRules",
          "assetId": "nOkcrTTsdU",
          "checksum": "6bacca1f5cfb6f5050e08169a650697d"
        },
        {
          "type": "renderModule",
          "assetId": "wwJKNAAFSQ",
          "checksum": "a29221e181d8aaaf873f9cd53a1fc930"
        },
        {
          "type": "cssRules",
          "assetId": "wwJKNAAFSQ",
          "checksum": "a29221e181d8aaaf873f9cd53a1fc930"
        },
        {
          "type": "renderModule",
          "assetId": "FGt7QMp0cE",
          "checksum": "24c3412e7a7eb9c618ad775f849f3477"
        },
        {
          "type": "cssRules",
          "assetId": "FGt7QMp0cE",
          "checksum": "24c3412e7a7eb9c618ad775f849f3477"
        },
        {
          "type": "renderModule",
          "assetId": "Rp4JlG0GLd",
          "checksum": "8cd18cff1542ac900939390a6e38239f"
        },
        {
          "type": "cssRules",
          "assetId": "Rp4JlG0GLd",
          "checksum": "8cd18cff1542ac900939390a6e38239f"
        },
        {
          "type": "renderModule",
          "assetId": "wYIaMxnRFr",
          "checksum": "78cb66676c709c4ed8c82681c14148b0"
        },
        {
          "type": "cssRules",
          "assetId": "wYIaMxnRFr",
          "checksum": "78cb66676c709c4ed8c82681c14148b0"
        },
        {
          "type": "renderModule",
          "assetId": "RlnXukMjMc",
          "checksum": "989b0416c90126f5591aedb3ff0ca841"
        },
        {
          "type": "cssRules",
          "assetId": "RlnXukMjMc",
          "checksum": "989b0416c90126f5591aedb3ff0ca841"
        },
        {
          "type": "renderModule",
          "assetId": "3kq-KR_q6P",
          "checksum": "4cc4cc49554bb91e296ba6e7be99399e"
        },
        {
          "type": "cssRules",
          "assetId": "3kq-KR_q6P",
          "checksum": "4cc4cc49554bb91e296ba6e7be99399e"
        },
        {
          "type": "renderModule",
          "assetId": "j-zkNvYO40",
          "checksum": "befd8981304d4f04d80e4eafd9169c8f"
        },
        {
          "type": "cssRules",
          "assetId": "j-zkNvYO40",
          "checksum": "befd8981304d4f04d80e4eafd9169c8f"
        },
        {
          "type": "renderModule",
          "assetId": "F0onFvhtbG",
          "checksum": "75596733399db958623ccd46a9163590"
        },
        {
          "type": "cssRules",
          "assetId": "F0onFvhtbG",
          "checksum": "75596733399db958623ccd46a9163590"
        },
        {
          "type": "renderModule",
          "assetId": "_FkSA8LL9h",
          "checksum": "c5a9e51a7fdfcba7e1d3308b485387de"
        },
        {
          "type": "cssRules",
          "assetId": "_FkSA8LL9h",
          "checksum": "c5a9e51a7fdfcba7e1d3308b485387de"
        },
        {
          "type": "renderModule",
          "assetId": "wYLwsz9PHx",
          "checksum": "eb2e3d6e86b8e5876b1dbb1dcf90998f"
        },
        {
          "type": "cssRules",
          "assetId": "wYLwsz9PHx",
          "checksum": "eb2e3d6e86b8e5876b1dbb1dcf90998f"
        },
        {
          "type": "renderModule",
          "assetId": "_XArBkddKd",
          "checksum": "20a2d084f73d8a67947c71dd85a80aa9"
        },
        {
          "type": "cssRules",
          "assetId": "_XArBkddKd",
          "checksum": "20a2d084f73d8a67947c71dd85a80aa9"
        },
        {
          "type": "renderModule",
          "assetId": "SCY6plzZHs",
          "checksum": "a948275810e4feb5330234732dd8a3f7"
        },
        {
          "type": "cssRules",
          "assetId": "SCY6plzZHs",
          "checksum": "a948275810e4feb5330234732dd8a3f7"
        },
        {
          "type": "renderModule",
          "assetId": "kz5Y7kNyM-O",
          "checksum": "c4c1e9f4367f59c797dc55e632f1dd06"
        },
        {
          "type": "cssRules",
          "assetId": "kz5Y7kNyM-O",
          "checksum": "c4c1e9f4367f59c797dc55e632f1dd06"
        },
        {
          "type": "renderModule",
          "assetId": "tmCSccuYm0e",
          "checksum": "abc2034bce72cfcf3ca92856b9c98e35"
        },
        {
          "type": "cssRules",
          "assetId": "tmCSccuYm0e",
          "checksum": "abc2034bce72cfcf3ca92856b9c98e35"
        },
        {
          "type": "renderModule",
          "assetId": "iXKI5ee1ZXt",
          "checksum": "3afb92ef42ee27ba8b9cbbec116bc802"
        },
        {
          "type": "cssRules",
          "assetId": "iXKI5ee1ZXt",
          "checksum": "3afb92ef42ee27ba8b9cbbec116bc802"
        },
        {
          "type": "renderModule",
          "assetId": "caqBNdXoI2x",
          "checksum": "c0fb0197ffe65729ec203f47d18147d5"
        },
        {
          "type": "cssRules",
          "assetId": "caqBNdXoI2x",
          "checksum": "c0fb0197ffe65729ec203f47d18147d5"
        },
        {
          "type": "renderModule",
          "assetId": "BqNx1sQzzM",
          "checksum": "384b90c61e4767dd02b1ae373836975d"
        },
        {
          "type": "cssRules",
          "assetId": "BqNx1sQzzM",
          "checksum": "384b90c61e4767dd02b1ae373836975d"
        },
        {
          "type": "renderModule",
          "assetId": "q75y63Cv6a",
          "checksum": "5209f01617f5d61cdad7b6dc79c46c9e"
        },
        {
          "type": "cssRules",
          "assetId": "q75y63Cv6a",
          "checksum": "5209f01617f5d61cdad7b6dc79c46c9e"
        },
        {
          "type": "renderModule",
          "assetId": "j0fmjgi6Tf",
          "checksum": "1d00cbed5f291489f63c8b2e4be28a6f"
        },
        {
          "type": "cssRules",
          "assetId": "j0fmjgi6Tf",
          "checksum": "1d00cbed5f291489f63c8b2e4be28a6f"
        },
        {
          "type": "renderModule",
          "assetId": "WrlNulxyIS",
          "checksum": "50b9114bcb7865b8bbc8a0099545a1cc"
        },
        {
          "type": "cssRules",
          "assetId": "WrlNulxyIS",
          "checksum": "50b9114bcb7865b8bbc8a0099545a1cc"
        },
        {
          "type": "renderModule",
          "assetId": "Lqdr_-SkhP",
          "checksum": "2a8e1a85bcf56a2387ba5ed94f0eda7e"
        },
        {
          "type": "cssRules",
          "assetId": "Lqdr_-SkhP",
          "checksum": "2a8e1a85bcf56a2387ba5ed94f0eda7e"
        },
        {
          "type": "renderModule",
          "assetId": "Q2wcv59jeA",
          "checksum": "33e846b62336b5b21f03a337c0833f18"
        },
        {
          "type": "cssRules",
          "assetId": "Q2wcv59jeA",
          "checksum": "33e846b62336b5b21f03a337c0833f18"
        },
        {
          "type": "icon",
          "assetId": "gT-pajkU-Q",
          "checksum": "c5c8778b0f0f959919aa2ea3bcc36f80"
        },
        {
          "type": "icon",
          "assetId": "jz74Atfq1lJ",
          "checksum": "b27c3cbabc6ee40d65b4e68f79afb1b7"
        },
        {
          "type": "icon",
          "assetId": "NyspFVcODgE",
          "checksum": "54b1f307fd2c4c6cfb15db19baa1a111"
        },
        {
          "type": "icon",
          "assetId": "CGOcXn7ZR6i",
          "checksum": "953eaf59f5704cf26031da5d01295b2d"
        },
        {
          "type": "icon",
          "assetId": "byX601sYx7I",
          "checksum": "167318261195b0bb3d1202e55ede8d14"
        },
        {
          "assetId": "mBKHaRhjQbiZuznDyARcTS",
          "type": "projectCss",
          "checksum": "ff309d6086218bd9c1139ce7fcdcf5f1"
        }
      ],
      "codegenVersion": "0.0.1"
    }
  ],
  "cliVersion": "0.1.160"
}
